
Microsoft Visual Studio Solution File, Format Version 12.00
Project("{FAE04EC0-301F-11D3-BF4B-00C04F79EFBC}") = "Demonstration", "Demonstration\Demonstration.csproj", "{A7AF1A4E-8D31-4D36-B400-207540DA58CD}"
EndProject
Global
	GlobalSection(SolutionConfigurationPlatforms) = preSolution
		Debug|Any CPU = Debug|Any CPU
		Release|Any CPU = Release|Any CPU
	EndGlobalSection
	GlobalSection(ProjectConfigurationPlatforms) = postSolution
		{A7AF1A4E-8D31-4D36-B400-207540DA58CD}.Debug|Any CPU.ActiveCfg = Debug|Any CPU
		{A7AF1A4E-8D31-4D36-B400-207540DA58CD}.Debug|Any CPU.Build.0 = Debug|Any CPU
		{A7AF1A4E-8D31-4D36-B400-207540DA58CD}.Release|Any CPU.ActiveCfg = Release|Any CPU
		{A7AF1A4E-8D31-4D36-B400-207540DA58CD}.Release|Any CPU.Build.0 = Release|Any CPU
	EndGlobalSection
EndGlobal
